
Microsoft Visual Studio Solution File, Format Version 10.00
# Visual Studio 2008
Project("{FAE04EC0-301F-11D3-BF4B-00C04F79EFBC}") = "PDF_Read", "PDF_Read\PDF_Read.csproj", "{D2362998-DC1B-46B5-8B3D-0A19A1849CEF}"
EndProject
Global
	GlobalSection(SolutionConfigurationPlatforms) = preSolution
		Debug|Any CPU = Debug|Any CPU
		Release|Any CPU = Release|Any CPU
	EndGlobalSection
	GlobalSection(ProjectConfigurationPlatforms) = postSolution
		{D2362998-DC1B-46B5-8B3D-0A19A1849CEF}.Debug|Any CPU.ActiveCfg = Debug|Any CPU
		{D2362998-DC1B-46B5-8B3D-0A19A1849CEF}.Debug|Any CPU.Build.0 = Debug|Any CPU
		{D2362998-DC1B-46B5-8B3D-0A19A1849CEF}.Release|Any CPU.ActiveCfg = Release|Any CPU
		{D2362998-DC1B-46B5-8B3D-0A19A1849CEF}.Release|Any CPU.Build.0 = Release|Any CPU
	EndGlobalSection
	GlobalSection(SolutionProperties) = preSolution
		HideSolutionNode = FALSE
	EndGlobalSection
EndGlobal
